
Microsoft Visual Studio Solution File, Format Version 12.00
# Visual Studio Version 16
VisualStudioVersion = 16.0.34407.143
MinimumVisualStudioVersion = 10.0.40219.1
Project("{FAE04EC0-301F-11D3-BF4B-00C04F79EFBC}") = "LABA2", "LABA2\LABA2.csproj", "{6D654AB3-C81B-420F-B6D8-DB1A47BD19CC}"
EndProject
Project("{FAE04EC0-301F-11D3-BF4B-00C04F79EFBC}") = "ClassLibrary1", "ClassLibrary1\ClassLibrary1.csproj", "{4B43D617-4724-4B06-8CAB-C23AA48EAC42}"
EndProject
Global
	GlobalSection(SolutionConfigurationPlatforms) = preSolution
		Debug|Any CPU = Debug|Any CPU
		Release|Any CPU = Release|Any CPU
	EndGlobalSection
	GlobalSection(ProjectConfigurationPlatforms) = postSolution
		{6D654AB3-C81B-420F-B6D8-DB1A47BD19CC}.Debug|Any CPU.ActiveCfg = Debug|Any CPU
		{6D654AB3-C81B-420F-B6D8-DB1A47BD19CC}.Debug|Any CPU.Build.0 = Debug|Any CPU
		{6D654AB3-C81B-420F-B6D8-DB1A47BD19CC}.Release|Any CPU.ActiveCfg = Release|Any CPU
		{6D654AB3-C81B-420F-B6D8-DB1A47BD19CC}.Release|Any CPU.Build.0 = Release|Any CPU
		{4B43D617-4724-4B06-8CAB-C23AA48EAC42}.Debug|Any CPU.ActiveCfg = Debug|Any CPU
		{4B43D617-4724-4B06-8CAB-C23AA48EAC42}.Debug|Any CPU.Build.0 = Debug|Any CPU
		{4B43D617-4724-4B06-8CAB-C23AA48EAC42}.Release|Any CPU.ActiveCfg = Release|Any CPU
		{4B43D617-4724-4B06-8CAB-C23AA48EAC42}.Release|Any CPU.Build.0 = Release|Any CPU
	EndGlobalSection
	GlobalSection(SolutionProperties) = preSolution
		HideSolutionNode = FALSE
	EndGlobalSection
	GlobalSection(ExtensibilityGlobals) = postSolution
		SolutionGuid = {A89E01AB-EE54-49EF-BEAF-7F21D13F7A4E}
	EndGlobalSection
EndGlobal
